// !$*UTF8*$!
{
	archiveVersion = 1;
	classes = {
	};
	objectVersion = 50;
	objects = {

/* Begin PBXBuildFile section */
		C1ABE671253DCF5D00ACFE88 /* AppDelegate.swift in Sources */ = {isa = PBXBuildFile; fileRef = C1ABE670253DCF5D00ACFE88 /* AppDelegate.swift */; };
		C1ABE673253DCF5D00ACFE88 /* SceneDelegate.swift in Sources */ = {isa = PBXBuildFile; fileRef = C1ABE672253DCF5D00ACFE88 /* SceneDelegate.swift */; };
		C1ABE675253DCF5D00ACFE88 /* ViewController.swift in Sources */ = {isa = PBXBuildFile; fileRef = C1ABE674253DCF5D00ACFE88 /* ViewController.swift */; };
		C1ABE678253DCF5D00ACFE88 /* Main.storyboard in Resources */ = {isa = PBXBuildFile; fileRef = C1ABE676253DCF5D00ACFE88 /* Main.storyboard */; };
		C1ABE67A253DCF5E00ACFE88 /* Assets.xcassets in Resources */ = {isa = PBXBuildFile; fileRef = C1ABE679253DCF5E00ACFE88 /* Assets.xcassets */; };
		C1ABE67D253DCF5E00ACFE88 /* LaunchScreen.storyboard in Resources */ = {isa = PBXBuildFile; fileRef = C1ABE67B253DCF5E00ACFE88 /* LaunchScreen.storyboard */; };
		C1ABE68A253DD35300ACFE88 /* MasterViewController.swift in Sources */ = {isa = PBXBuildFile; fileRef = C1ABE689253DD35300ACFE88 /* MasterViewController.swift */; };
		C1ABE68E253DD68C00ACFE88 /* DataProvider.swift in Sources */ = {isa = PBXBuildFile; fileRef = C1ABE68C253DD68C00ACFE88 /* DataProvider.swift */; };
		C1ABE68F253DD68C00ACFE88 /* Person.swift in Sources */ = {isa = PBXBuildFile; fileRef = C1ABE68D253DD68C00ACFE88 /* Person.swift */; };
		C1ABE692253DDD3E00ACFE88 /* DetailViewController.swift in Sources */ = {isa = PBXBuildFile; fileRef = C1ABE691253DDD3E00ACFE88 /* DetailViewController.swift */; };
		C1ABE699253DE42A00ACFE88 /* EditViewController.swift in Sources */ = {isa = PBXBuildFile; fileRef = C1ABE698253DE42A00ACFE88 /* EditViewController.swift */; };
/* End PBXBuildFile section */

/* Begin PBXFileReference section */
		C1ABE66D253DCF5D00ACFE88 /* EditList.app */ = {isa = PBXFileReference; explicitFileType = wrapper.application; includeInIndex = 0; path = EditList.app; sourceTree = BUILT_PRODUCTS_DIR; };
		C1ABE670253DCF5D00ACFE88 /* AppDelegate.swift */ = {isa = PBXFileReference; lastKnownFileType = sourcecode.swift; path = AppDelegate.swift; sourceTree = "<group>"; };
		C1ABE672253DCF5D00ACFE88 /* SceneDelegate.swift */ = {isa = PBXFileReference; lastKnownFileType = sourcecode.swift; path = SceneDelegate.swift; sourceTree = "<group>"; };
		C1ABE674253DCF5D00ACFE88 /* ViewController.swift */ = {isa = PBXFileReference; lastKnownFileType = sourcecode.swift; path = ViewController.swift; sourceTree = "<group>"; };
		C1ABE677253DCF5D00ACFE88 /* Base */ = {isa = PBXFileReference; lastKnownFileType = file.storyboard; name = Base; path = Base.lproj/Main.storyboard; sourceTree = "<group>"; };
		C1ABE679253DCF5E00ACFE88 /* Assets.xcassets */ = {isa = PBXFileReference; lastKnownFileType = folder.assetcatalog; path = Assets.xcassets; sourceTree = "<group>"; };
		C1ABE67C253DCF5E00ACFE88 /* Base */ = {isa = PBXFileReference; lastKnownFileType = file.storyboard; name = Base; path = Base.lproj/LaunchScreen.storyboard; sourceTree = "<group>"; };
		C1ABE67E253DCF5E00ACFE88 /* Info.plist */ = {isa = PBXFileReference; lastKnownFileType = text.plist.xml; path = Info.plist; sourceTree = "<group>"; };
		C1ABE689253DD35300ACFE88 /* MasterViewController.swift */ = {isa = PBXFileReference; lastKnownFileType = sourcecode.swift; path = MasterViewController.swift; sourceTree = "<group>"; };
		C1ABE68C253DD68C00ACFE88 /* DataProvider.swift */ = {isa = PBXFileReference; fileEncoding = 4; lastKnownFileType = sourcecode.swift; path = DataProvider.swift; sourceTree = "<group>"; };
		C1ABE68D253DD68C00ACFE88 /* Person.swift */ = {isa = PBXFileReference; fileEncoding = 4; lastKnownFileType = sourcecode.swift; path = Person.swift; sourceTree = "<group>"; };
		C1ABE691253DDD3E00ACFE88 /* DetailViewController.swift */ = {isa = PBXFileReference; lastKnownFileType = sourcecode.swift; path = DetailViewController.swift; sourceTree = "<group>"; };
		C1ABE698253DE42A00ACFE88 /* EditViewController.swift */ = {isa = PBXFileReference; lastKnownFileType = sourcecode.swift; path = EditViewController.swift; sourceTree = "<group>"; };
/* End PBXFileReference section */

/* Begin PBXFrameworksBuildPhase section */
		C1ABE66A253DCF5D00ACFE88 /* Frameworks */ = {
			isa = PBXFrameworksBuildPhase;
			buildActionMask = 2147483647;
			files = (
			);
			runOnlyForDeploymentPostprocessing = 0;
		};
/* End PBXFrameworksBuildPhase section */

/* Begin PBXGroup section */
		C1ABE664253DCF5D00ACFE88 = {
			isa = PBXGroup;
			children = (
				C1ABE66F253DCF5D00ACFE88 /* EditList */,
				C1ABE66E253DCF5D00ACFE88 /* Products */,
			);
			sourceTree = "<group>";
		};
		C1ABE66E253DCF5D00ACFE88 /* Products */ = {
			isa = PBXGroup;
			children = (
				C1ABE66D253DCF5D00ACFE88 /* EditList.app */,
			);
			name = Products;
			sourceTree = "<group>";
		};
		C1ABE66F253DCF5D00ACFE88 /* EditList */ = {
			isa = PBXGroup;
			children = (
				C1ABE68C253DD68C00ACFE88 /* DataProvider.swift */,
				C1ABE68D253DD68C00ACFE88 /* Person.swift */,
				C1ABE670253DCF5D00ACFE88 /* AppDelegate.swift */,
				C1ABE672253DCF5D00ACFE88 /* SceneDelegate.swift */,
				C1ABE674253DCF5D00ACFE88 /* ViewController.swift */,
				C1ABE676253DCF5D00ACFE88 /* Main.storyboard */,
				C1ABE679253DCF5E00ACFE88 /* Assets.xcassets */,
				C1ABE67B253DCF5E00ACFE88 /* LaunchScreen.storyboard */,
				C1ABE67E253DCF5E00ACFE88 /* Info.plist */,
				C1ABE689253DD35300ACFE88 /* MasterViewController.swift */,
				C1ABE691253DDD3E00ACFE88 /* DetailViewController.swift */,
				C1ABE698253DE42A00ACFE88 /* EditViewController.swift */,
			);
			path = EditList;
			sourceTree = "<group>";
		};
/* End PBXGroup section */

/* Begin PBXNativeTarget section */
		C1ABE66C253DCF5D00ACFE88 /* EditList */ = {
			isa = PBXNativeTarget;
			buildConfigurationList = C1ABE681253DCF5E00ACFE88 /* Build configuration list for PBXNativeTarget "EditList" */;
			buildPhases = (
				C1ABE669253DCF5D00ACFE88 /* Sources */,
				C1ABE66A253DCF5D00ACFE88 /* Frameworks */,
				C1ABE66B253DCF5D00ACFE88 /* Resources */,
			);
			buildRules = (
			);
			dependencies = (
			);
			name = EditList;
			productName = EditList;
			productReference = C1ABE66D253DCF5D00ACFE88 /* EditList.app */;
			productType = "com.apple.product-type.application";
		};
/* End PBXNativeTarget section */

/* Begin PBXProject section */
		C1ABE665253DCF5D00ACFE88 /* Project object */ = {
			isa = PBXProject;
			attributes = {
				LastSwiftUpdateCheck = 1220;
				LastUpgradeCheck = 1220;
				TargetAttributes = {
					C1ABE66C253DCF5D00ACFE88 = {
						CreatedOnToolsVersion = 12.2;
					};
				};
			};
			buildConfigurationList = C1ABE668253DCF5D00ACFE88 /* Build configuration list for PBXProject "EditList" */;
			compatibilityVersion = "Xcode 9.3";
			developmentRegion = en;
			hasScannedForEncodings = 0;
			knownRegions = (
				en,
				Base,
			);
			mainGroup = C1ABE664253DCF5D00ACFE88;
			productRefGroup = C1ABE66E253DCF5D00ACFE88 /* Products */;
			projectDirPath = "";
			projectRoot = "";
			targets = (
				C1ABE66C253DCF5D00ACFE88 /* EditList */,
			);
		};
/* End PBXProject section */

/* Begin PBXResourcesBuildPhase section */
		C1ABE66B253DCF5D00ACFE88 /* Resources */ = {
			isa = PBXResourcesBuildPhase;
			buildActionMask = 2147483647;
			files = (
				C1ABE67D253DCF5E00ACFE88 /* LaunchScreen.storyboard in Resources */,
				C1ABE67A253DCF5E00ACFE88 /* Assets.xcassets in Resources */,
				C1ABE678253DCF5D00ACFE88 /* Main.storyboard in Resources */,
			);
			runOnlyForDeploymentPostprocessing = 0;
		};
/* End PBXResourcesBuildPhase section */

/* Begin PBXSourcesBuildPhase section */
		C1ABE669253DCF5D00ACFE88 /* Sources */ = {
			isa = PBXSourcesBuildPhase;
			buildActionMask = 2147483647;
			files = (
				C1ABE699253DE42A00ACFE88 /* EditViewController.swift in Sources */,
				C1ABE68F253DD68C00ACFE88 /* Person.swift in Sources */,
				C1ABE68A253DD35300ACFE88 /* MasterViewController.swift in Sources */,
				C1ABE675253DCF5D00ACFE88 /* ViewController.swift in Sources */,
				C1ABE68E253DD68C00ACFE88 /* DataProvider.swift in Sources */,
				C1ABE671253DCF5D00ACFE88 /* AppDelegate.swift in Sources */,
				C1ABE673253DCF5D00ACFE88 /* SceneDelegate.swift in Sources */,
				C1ABE692253DDD3E00ACFE88 /* DetailViewController.swift in Sources */,
			);
			runOnlyForDeploymentPostprocessing = 0;
		};
/* End PBXSourcesBuildPhase section */

/* Begin PBXVariantGroup section */
		C1ABE676253DCF5D00ACFE88 /* Main.storyboard */ = {
			isa = PBXVariantGroup;
			children = (
				C1ABE677253DCF5D00ACFE88 /* Base */,
			);
			name = Main.storyboard;
			sourceTree = "<group>";
		};
		C1ABE67B253DCF5E00ACFE88 /* LaunchScreen.storyboard */ = {
			isa = PBXVariantGroup;
			children = (
				C1ABE67C253DCF5E00ACFE88 /* Base */,
			);
			name = LaunchScreen.storyboard;
			sourceTree = "<group>";
		};
/* End PBXVariantGroup section */

/* Begin XCBuildConfiguration section */
		C1ABE67F253DCF5E00ACFE88 /* Debug */ = {
			isa = XCBuildConfiguration;
			buildSettings = {
				ALWAYS_SEARCH_USER_PATHS = NO;
				CLANG_ANALYZER_NONNULL = YES;
				CLANG_ANALYZER_NUMBER_OBJECT_CONVERSION = YES_AGGRESSIVE;
				CLANG_CXX_LANGUAGE_STANDARD = "gnu++14";
				CLANG_CXX_LIBRARY = "libc++";
				CLANG_ENABLE_MODULES = YES;
				CLANG_ENABLE_OBJC_ARC = YES;
				CLANG_ENABLE_OBJC_WEAK = YES;
				CLANG_WARN_BLOCK_CAPTURE_AUTORELEASING = YES;
				CLANG_WARN_BOOL_CONVERSION = YES;
				CLANG_WARN_COMMA = YES;
				CLANG_WARN_CONSTANT_CONVERSION = YES;
				CLANG_WARN_DEPRECATED_OBJC_IMPLEMENTATIONS = YES;
				CLANG_WARN_DIRECT_OBJC_ISA_USAGE = YES_ERROR;
				CLANG_WARN_DOCUMENTATION_COMMENTS = YES;
				CLANG_WARN_EMPTY_BODY = YES;
				CLANG_WARN_ENUM_CONVERSION = YES;
				CLANG_WARN_INFINITE_RECURSION = YES;
				CLANG_WARN_INT_CONVERSION = YES;
				CLANG_WARN_NON_LITERAL_NULL_CONVERSION = YES;
				CLANG_WARN_OBJC_IMPLICIT_RETAIN_SELF = YES;
				CLANG_WARN_OBJC_LITERAL_CONVERSION = YES;
				CLANG_WARN_OBJC_ROOT_CLASS = YES_ERROR;
				CLANG_WARN_QUOTED_INCLUDE_IN_FRAMEWORK_HEADER = YES;
				CLANG_WARN_RANGE_LOOP_ANALYSIS = YES;
				CLANG_WARN_STRICT_PROTOTYPES = YES;
				CLANG_WARN_SUSPICIOUS_MOVE = YES;
				CLANG_WARN_UNGUARDED_AVAILABILITY = YES_AGGRESSIVE;
				CLANG_WARN_UNREACHABLE_CODE = YES;
				CLANG_WARN__DUPLICATE_METHOD_MATCH = YES;
				COPY_PHASE_STRIP = NO;
				DEBUG_INFORMATION_FORMAT = dwarf;
				ENABLE_STRICT_OBJC_MSGSEND = YES;
				ENABLE_TESTABILITY = YES;
				GCC_C_LANGUAGE_STANDARD = gnu11;
				GCC_DYNAMIC_NO_PIC = NO;
				GCC_NO_COMMON_BLOCKS = YES;
				GCC_OPTIMIZATION_LEVEL = 0;
				GCC_PREPROCESSOR_DEFINITIONS = (
					"DEBUG=1",
					"$(inherited)",
				);
				GCC_WARN_64_TO_32_BIT_CONVERSION = YES;
				GCC_WARN_ABOUT_RETURN_TYPE = YES_ERROR;
				GCC_WARN_UNDECLARED_SELECTOR = YES;
				GCC_WARN_UNINITIALIZED_AUTOS = YES_AGGRESSIVE;
				GCC_WARN_UNUSED_FUNCTION = YES;
				GCC_WARN_UNUSED_VARIABLE = YES;
				IPHONEOS_DEPLOYMENT_TARGET = 14.2;
				MTL_ENABLE_DEBUG_INFO = INCLUDE_SOURCE;
				MTL_FAST_MATH = YES;
				ONLY_ACTIVE_ARCH = YES;
				SDKROOT = iphoneos;
				SWIFT_ACTIVE_COMPILATION_CONDITIONS = DEBUG;
				SWIFT_OPTIMIZATION_LEVEL = "-Onone";
			};
			name = Debug;
		};
		C1ABE680253DCF5E00ACFE88 /* Release */ = {
			isa = XCBuildConfiguration;
			buildSettings = {
				ALWAYS_SEARCH_USER_PATHS = NO;
				CLANG_ANALYZER_NONNULL = YES;
				CLANG_ANALYZER_NUMBER_OBJECT_CONVERSION = YES_AGGRESSIVE;
				CLANG_CXX_LANGUAGE_STANDARD = "gnu++14";
				CLANG_CXX_LIBRARY = "libc++";
				CLANG_ENABLE_MODULES = YES;
				CLANG_ENABLE_OBJC_ARC = YES;
				CLANG_ENABLE_OBJC_WEAK = YES;
				CLANG_WARN_BLOCK_CAPTURE_AUTORELEASING = YES;
				CLANG_WARN_BOOL_CONVERSION = YES;
				CLANG_WARN_COMMA = YES;
				CLANG_WARN_CONSTANT_CONVERSION = YES;
				CLANG_WARN_DEPRECATED_OBJC_IMPLEMENTATIONS = YES;
				CLANG_WARN_DIRECT_OBJC_ISA_USAGE = YES_ERROR;
				CLANG_WARN_DOCUMENTATION_COMMENTS = YES;
				CLANG_WARN_EMPTY_BODY = YES;
				CLANG_WARN_ENUM_CONVERSION = YES;
				CLANG_WARN_INFINITE_RECURSION = YES;
				CLANG_WARN_INT_CONVERSION = YES;
				CLANG_WARN_NON_LITERAL_NULL_CONVERSION = YES;
				CLANG_WARN_OBJC_IMPLICIT_RETAIN_SELF = YES;
				CLANG_WARN_OBJC_LITERAL_CONVERSION = YES;
				CLANG_WARN_OBJC_ROOT_CLASS = YES_ERROR;
				CLANG_WARN_QUOTED_INCLUDE_IN_FRAMEWORK_HEADER = YES;
				CLANG_WARN_RANGE_LOOP_ANALYSIS = YES;
				CLANG_WARN_STRICT_PROTOTYPES = YES;
				CLANG_WARN_SUSPICIOUS_MOVE = YES;
				CLANG_WARN_UNGUARDED_AVAILABILITY = YES_AGGRESSIVE;
				CLANG_WARN_UNREACHABLE_CODE = YES;
				CLANG_WARN__DUPLICATE_METHOD_MATCH = YES;
				COPY_PHASE_STRIP = NO;
				DEBUG_INFORMATION_FORMAT = "dwarf-with-dsym";
				ENABLE_NS_ASSERTIONS = NO;
				ENABLE_STRICT_OBJC_MSGSEND = YES;
				GCC_C_LANGUAGE_STANDARD = gnu11;
				GCC_NO_COMMON_BLOCKS = YES;
				GCC_WARN_64_TO_32_BIT_CONVERSION = YES;
				GCC_WARN_ABOUT_RETURN_TYPE = YES_ERROR;
				GCC_WARN_UNDECLARED_SELECTOR = YES;
				GCC_WARN_UNINITIALIZED_AUTOS = YES_AGGRESSIVE;
				GCC_WARN_UNUSED_FUNCTION = YES;
				GCC_WARN_UNUSED_VARIABLE = YES;
				IPHONEOS_DEPLOYMENT_TARGET = 14.2;
				MTL_ENABLE_DEBUG_INFO = NO;
				MTL_FAST_MATH = YES;
				SDKROOT = iphoneos;
				SWIFT_COMPILATION_MODE = wholemodule;
				SWIFT_OPTIMIZATION_LEVEL = "-O";
				VALIDATE_PRODUCT = YES;
			};
			name = Release;
		};
		C1ABE682253DCF5E00ACFE88 /* Debug */ = {
			isa = XCBuildConfiguration;
			buildSettings = {
				ASSETCATALOG_COMPILER_APPICON_NAME = AppIcon;
				ASSETCATALOG_COMPILER_GLOBAL_ACCENT_COLOR_NAME = AccentColor;
				CODE_SIGN_STYLE = Automatic;
				INFOPLIST_FILE = EditList/Info.plist;
				LD_RUNPATH_SEARCH_PATHS = (
					"$(inherited)",
					"@executable_path/Frameworks",
				);
				PRODUCT_BUNDLE_IDENTIFIER = HSLU.EditList;
				PRODUCT_NAME = "$(TARGET_NAME)";
				SWIFT_VERSION = 5.0;
				TARGETED_DEVICE_FAMILY = "1,2";
			};
			name = Debug;
		};
		C1ABE683253DCF5E00ACFE88 /* Release */ = {
			isa = XCBuildConfiguration;
			buildSettings = {
				ASSETCATALOG_COMPILER_APPICON_NAME = AppIcon;
				ASSETCATALOG_COMPILER_GLOBAL_ACCENT_COLOR_NAME = AccentColor;
				CODE_SIGN_STYLE = Automatic;
				INFOPLIST_FILE = EditList/Info.plist;
				LD_RUNPATH_SEARCH_PATHS = (
					"$(inherited)",
					"@executable_path/Frameworks",
				);
				PRODUCT_BUNDLE_IDENTIFIER = HSLU.EditList;
				PRODUCT_NAME = "$(TARGET_NAME)";
				SWIFT_VERSION = 5.0;
				TARGETED_DEVICE_FAMILY = "1,2";
			};
			name = Release;
		};
/* End XCBuildConfiguration section */

/* Begin XCConfigurationList section */
		C1ABE668253DCF5D00ACFE88 /* Build configuration list for PBXProject "EditList" */ = {
			isa = XCConfigurationList;
			buildConfigurations = (
				C1ABE67F253DCF5E00ACFE88 /* Debug */,
				C1ABE680253DCF5E00ACFE88 /* Release */,
			);
			defaultConfigurationIsVisible = 0;
			defaultConfigurationName = Release;
		};
		C1ABE681253DCF5E00ACFE88 /* Build configuration list for PBXNativeTarget "EditList" */ = {
			isa = XCConfigurationList;
			buildConfigurations = (
				C1ABE682253DCF5E00ACFE88 /* Debug */,
				C1ABE683253DCF5E00ACFE88 /* Release */,
			);
			defaultConfigurationIsVisible = 0;
			defaultConfigurationName = Release;
		};
/* End XCConfigurationList section */
	};
	rootObject = C1ABE665253DCF5D00ACFE88 /* Project object */;
}
